<?xml version="1.0" encoding="utf-8"?>
<Project ToolsVersion="4.0" xmlns="http://schemas.microsoft.com/developer/msbuild/2003">
  <ItemGroup>
    <Filter Include="Source Files">
      <UniqueIdentifier>{4FC737F1-C7A5-4376-A066-2A32D752A2FF}</UniqueIdentifier>
      <Extensions>cpp;c;cc;cxx;def;odl;idl;hpj;bat;asm;asmx</Extensions>
    </Filter>
    <Filter Include="Header Files">
      <UniqueIdentifier>{93995380-89BD-4b04-88EB-625FBE52EBFB}</UniqueIdentifier>
      <Extensions>h;hh;hpp;hxx;hm;inl;inc;xsd</Extensions>
    </Filter>
    <Filter Include="Resource Files">
      <UniqueIdentifier>{67DA6AB6-F800-4c08-8B7A-83BB121AAD01}</UniqueIdentifier>
      <Extensions>rc;ico;cur;bmp;dlg;rc2;rct;bin;rgs;gif;jpg;jpeg;jpe;resx;tiff;tif;png;wav</Extensions>
    </Filter>
  </ItemGroup>
  <ItemGroup>
    <ClCompile Include="EnvelopeGenerator.cpp">
      <Filter>Source Files</Filter>
    </ClCompile>
    <ClCompile Include="ExampleEffect.cpp">
      <Filter>Source Files</Filter>
    </ClCompile>
    <ClCompile Include="Log.cpp">
      <Filter>Source Files</Filter>
    </ClCompile>
    <ClCompile Include="ParameterHandler.cpp">
      <Filter>Source Files</Filter>
    </ClCompile>
    <ClCompile Include="Pipeline.cpp">
      <Filter>Source Files</Filter>
    </ClCompile>
    <ClCompile Include="PipelineManager.cpp">
      <Filter>Source Files</Filter>
    </ClCompile>
    <ClCompile Include="PipeSched.cpp">
      <Filter>Source Files</Filter>
    </ClCompile>
    <ClCompile Include="PluginEditor.cpp">
      <Filter>Source Files</Filter>
    </ClCompile>
    <ClCompile Include="PluginProcessor.cpp">
      <Filter>Source Files</Filter>
    </ClCompile>
    <ClCompile Include="SimpleOsc.cpp">
      <Filter>Source Files</Filter>
    </ClCompile>
    <ClCompile Include="Wavetable.cpp">
      <Filter>Source Files</Filter>
    </ClCompile>
    <ClCompile Include="WavetableOsc.cpp">
      <Filter>Source Files</Filter>
    </ClCompile>
    <ClCompile Include="components\ConsoleComponent.cpp">
      <Filter>Source Files</Filter>
    </ClCompile>
  </ItemGroup>
  <ItemGroup>
    <ClInclude Include="EnvelopeGenerator.h">
      <Filter>Header Files</Filter>
    </ClInclude>
    <ClInclude Include="ExampleEffect.h">
      <Filter>Header Files</Filter>
    </ClInclude>
    <ClInclude Include="Global.h">
      <Filter>Header Files</Filter>
    </ClInclude>
    <ClInclude Include="IEffect.h">
      <Filter>Header Files</Filter>
    </ClInclude>
    <ClInclude Include="IGenerator.h">
      <Filter>Header Files</Filter>
    </ClInclude>
    <ClInclude Include="IWavetable.h">
      <Filter>Header Files</Filter>
    </ClInclude>
    <ClInclude Include="Log.h">
      <Filter>Header Files</Filter>
    </ClInclude>
    <ClInclude Include="ParameterHandler.h">
      <Filter>Header Files</Filter>
    </ClInclude>
    <ClInclude Include="Pipeline.h">
      <Filter>Header Files</Filter>
    </ClInclude>
    <ClInclude Include="PipelineManager.h">
      <Filter>Header Files</Filter>
    </ClInclude>
    <ClInclude Include="PipeSched.h">
      <Filter>Header Files</Filter>
    </ClInclude>
    <ClInclude Include="PluginEditor.h">
      <Filter>Header Files</Filter>
    </ClInclude>
    <ClInclude Include="PluginProcessor.h">
      <Filter>Header Files</Filter>
    </ClInclude>
    <ClInclude Include="SimpleOsc.h">
      <Filter>Header Files</Filter>
    </ClInclude>
    <ClInclude Include="SinewaveSynth.h">
      <Filter>Header Files</Filter>
    </ClInclude>
    <ClInclude Include="Wavetable.h">
      <Filter>Header Files</Filter>
    </ClInclude>
    <ClInclude Include="WavetableOsc.h">
      <Filter>Header Files</Filter>
    </ClInclude>
    <ClInclude Include="components\ConsoleComponent.h">
      <Filter>Header Files</Filter>
    </ClInclude>
  </ItemGroup>
</Project>